
Microsoft Visual Studio Solution File, Format Version 12.00
# Visual Studio Version 16
VisualStudioVersion = 16.0.28922.388
MinimumVisualStudioVersion = 10.0.40219.1
Project("{9A19103F-16F7-4668-BE54-9A1E7A4F7556}") = "BeatmapAssetMaker", "BeatMapAssetMaker\BeatmapAssetMaker.csproj", "{9FCD4D5E-8E64-49C5-A90A-0D17DD98C8A3}"
EndProject
Project("{9A19103F-16F7-4668-BE54-9A1E7A4F7556}") = "StbSharp.NETStandard", "StbSharp\StbSharp\StbSharp.NETStandard.csproj", "{99B9057C-3827-444A-8302-959F4CCA277B}"
EndProject
Project("{9A19103F-16F7-4668-BE54-9A1E7A4F7556}") = "QuestomAssets", "QuestomAssets\QuestomAssets.csproj", "{DDA3F1E8-AD66-4ECD-920D-38A2D619E1C9}"
EndProject
Project("{9A19103F-16F7-4668-BE54-9A1E7A4F7556}") = "QuestomAssets.Tests", "QuestomAssets.Tests\QuestomAssets.Tests.csproj", "{E2E55309-D20E-430A-B388-7989F975BC11}"
EndProject
Project("{FAE04EC0-301F-11D3-BF4B-00C04F79EFBC}") = "WinformsTestApp", "WinformsTestApp\WinformsTestApp.csproj", "{97BB1A0F-E383-4AE6-9AAC-8CA2F24C577F}"
EndProject
Project("{FAE04EC0-301F-11D3-BF4B-00C04F79EFBC}") = "BeatOnLib", "BeatOnLib\BeatOnLib.csproj", "{7EE63411-CFF7-44B8-A168-9BDF486F4496}"
EndProject
Global
	GlobalSection(SolutionConfigurationPlatforms) = preSolution
		Debug|Any CPU = Debug|Any CPU
		Debug|x64 = Debug|x64
		Debug|x86 = Debug|x86
		Release|Any CPU = Release|Any CPU
		Release|x64 = Release|x64
		Release|x86 = Release|x86
	EndGlobalSection
	GlobalSection(ProjectConfigurationPlatforms) = postSolution
		{9FCD4D5E-8E64-49C5-A90A-0D17DD98C8A3}.Debug|Any CPU.ActiveCfg = Debug|Any CPU
		{9FCD4D5E-8E64-49C5-A90A-0D17DD98C8A3}.Debug|Any CPU.Build.0 = Debug|Any CPU
		{9FCD4D5E-8E64-49C5-A90A-0D17DD98C8A3}.Debug|x64.ActiveCfg = Debug|Any CPU
		{9FCD4D5E-8E64-49C5-A90A-0D17DD98C8A3}.Debug|x64.Build.0 = Debug|Any CPU
		{9FCD4D5E-8E64-49C5-A90A-0D17DD98C8A3}.Debug|x86.ActiveCfg = Debug|Any CPU
		{9FCD4D5E-8E64-49C5-A90A-0D17DD98C8A3}.Debug|x86.Build.0 = Debug|Any CPU
		{9FCD4D5E-8E64-49C5-A90A-0D17DD98C8A3}.Release|Any CPU.ActiveCfg = Release|Any CPU
		{9FCD4D5E-8E64-49C5-A90A-0D17DD98C8A3}.Release|Any CPU.Build.0 = Release|Any CPU
		{9FCD4D5E-8E64-49C5-A90A-0D17DD98C8A3}.Release|x64.ActiveCfg = Release|Any CPU
		{9FCD4D5E-8E64-49C5-A90A-0D17DD98C8A3}.Release|x64.Build.0 = Release|Any CPU
		{9FCD4D5E-8E64-49C5-A90A-0D17DD98C8A3}.Release|x86.ActiveCfg = Release|Any CPU
		{9FCD4D5E-8E64-49C5-A90A-0D17DD98C8A3}.Release|x86.Build.0 = Release|Any CPU
		{99B9057C-3827-444A-8302-959F4CCA277B}.Debug|Any CPU.ActiveCfg = Debug|Any CPU
		{99B9057C-3827-444A-8302-959F4CCA277B}.Debug|Any CPU.Build.0 = Debug|Any CPU
		{99B9057C-3827-444A-8302-959F4CCA277B}.Debug|x64.ActiveCfg = Debug|Any CPU
		{99B9057C-3827-444A-8302-959F4CCA277B}.Debug|x64.Build.0 = Debug|Any CPU
		{99B9057C-3827-444A-8302-959F4CCA277B}.Debug|x86.ActiveCfg = Debug|Any CPU
		{99B9057C-3827-444A-8302-959F4CCA277B}.Debug|x86.Build.0 = Debug|Any CPU
		{99B9057C-3827-444A-8302-959F4CCA277B}.Release|Any CPU.ActiveCfg = Release|Any CPU
		{99B9057C-3827-444A-8302-959F4CCA277B}.Release|Any CPU.Build.0 = Release|Any CPU
		{99B9057C-3827-444A-8302-959F4CCA277B}.Release|x64.ActiveCfg = Release|Any CPU
		{99B9057C-3827-444A-8302-959F4CCA277B}.Release|x64.Build.0 = Release|Any CPU
		{99B9057C-3827-444A-8302-959F4CCA277B}.Release|x86.ActiveCfg = Release|Any CPU
		{99B9057C-3827-444A-8302-959F4CCA277B}.Release|x86.Build.0 = Release|Any CPU
		{DDA3F1E8-AD66-4ECD-920D-38A2D619E1C9}.Debug|Any CPU.ActiveCfg = Debug|Any CPU
		{DDA3F1E8-AD66-4ECD-920D-38A2D619E1C9}.Debug|Any CPU.Build.0 = Debug|Any CPU
		{DDA3F1E8-AD66-4ECD-920D-38A2D619E1C9}.Debug|x64.ActiveCfg = Debug|Any CPU
		{DDA3F1E8-AD66-4ECD-920D-38A2D619E1C9}.Debug|x64.Build.0 = Debug|Any CPU
		{DDA3F1E8-AD66-4ECD-920D-38A2D619E1C9}.Debug|x86.ActiveCfg = Debug|Any CPU
		{DDA3F1E8-AD66-4ECD-920D-38A2D619E1C9}.Debug|x86.Build.0 = Debug|Any CPU
		{DDA3F1E8-AD66-4ECD-920D-38A2D619E1C9}.Release|Any CPU.ActiveCfg = Release|Any CPU
		{DDA3F1E8-AD66-4ECD-920D-38A2D619E1C9}.Release|Any CPU.Build.0 = Release|Any CPU
		{DDA3F1E8-AD66-4ECD-920D-38A2D619E1C9}.Release|x64.ActiveCfg = Release|Any CPU
		{DDA3F1E8-AD66-4ECD-920D-38A2D619E1C9}.Release|x64.Build.0 = Release|Any CPU
		{DDA3F1E8-AD66-4ECD-920D-38A2D619E1C9}.Release|x86.ActiveCfg = Release|Any CPU
		{DDA3F1E8-AD66-4ECD-920D-38A2D619E1C9}.Release|x86.Build.0 = Release|Any CPU
		{E2E55309-D20E-430A-B388-7989F975BC11}.Debug|Any CPU.ActiveCfg = Debug|Any CPU
		{E2E55309-D20E-430A-B388-7989F975BC11}.Debug|Any CPU.Build.0 = Debug|Any CPU
		{E2E55309-D20E-430A-B388-7989F975BC11}.Debug|x64.ActiveCfg = Debug|Any CPU
		{E2E55309-D20E-430A-B388-7989F975BC11}.Debug|x64.Build.0 = Debug|Any CPU
		{E2E55309-D20E-430A-B388-7989F975BC11}.Debug|x86.ActiveCfg = Debug|Any CPU
		{E2E55309-D20E-430A-B388-7989F975BC11}.Debug|x86.Build.0 = Debug|Any CPU
		{E2E55309-D20E-430A-B388-7989F975BC11}.Release|Any CPU.ActiveCfg = Release|Any CPU
		{E2E55309-D20E-430A-B388-7989F975BC11}.Release|Any CPU.Build.0 = Release|Any CPU
		{E2E55309-D20E-430A-B388-7989F975BC11}.Release|x64.ActiveCfg = Release|Any CPU
		{E2E55309-D20E-430A-B388-7989F975BC11}.Release|x64.Build.0 = Release|Any CPU
		{E2E55309-D20E-430A-B388-7989F975BC11}.Release|x86.ActiveCfg = Release|Any CPU
		{E2E55309-D20E-430A-B388-7989F975BC11}.Release|x86.Build.0 = Release|Any CPU
		{97BB1A0F-E383-4AE6-9AAC-8CA2F24C577F}.Debug|Any CPU.ActiveCfg = Debug|Any CPU
		{97BB1A0F-E383-4AE6-9AAC-8CA2F24C577F}.Debug|Any CPU.Build.0 = Debug|Any CPU
		{97BB1A0F-E383-4AE6-9AAC-8CA2F24C577F}.Debug|x64.ActiveCfg = Debug|Any CPU
		{97BB1A0F-E383-4AE6-9AAC-8CA2F24C577F}.Debug|x64.Build.0 = Debug|Any CPU
		{97BB1A0F-E383-4AE6-9AAC-8CA2F24C577F}.Debug|x86.ActiveCfg = Debug|Any CPU
		{97BB1A0F-E383-4AE6-9AAC-8CA2F24C577F}.Debug|x86.Build.0 = Debug|Any CPU
		{97BB1A0F-E383-4AE6-9AAC-8CA2F24C577F}.Release|Any CPU.ActiveCfg = Release|Any CPU
		{97BB1A0F-E383-4AE6-9AAC-8CA2F24C577F}.Release|Any CPU.Build.0 = Release|Any CPU
		{97BB1A0F-E383-4AE6-9AAC-8CA2F24C577F}.Release|x64.ActiveCfg = Release|Any CPU
		{97BB1A0F-E383-4AE6-9AAC-8CA2F24C577F}.Release|x64.Build.0 = Release|Any CPU
		{97BB1A0F-E383-4AE6-9AAC-8CA2F24C577F}.Release|x86.ActiveCfg = Release|Any CPU
		{97BB1A0F-E383-4AE6-9AAC-8CA2F24C577F}.Release|x86.Build.0 = Release|Any CPU
		{7EE63411-CFF7-44B8-A168-9BDF486F4496}.Debug|Any CPU.ActiveCfg = Debug|Any CPU
		{7EE63411-CFF7-44B8-A168-9BDF486F4496}.Debug|Any CPU.Build.0 = Debug|Any CPU
		{7EE63411-CFF7-44B8-A168-9BDF486F4496}.Debug|x64.ActiveCfg = Debug|Any CPU
		{7EE63411-CFF7-44B8-A168-9BDF486F4496}.Debug|x64.Build.0 = Debug|Any CPU
		{7EE63411-CFF7-44B8-A168-9BDF486F4496}.Debug|x86.ActiveCfg = Debug|Any CPU
		{7EE63411-CFF7-44B8-A168-9BDF486F4496}.Debug|x86.Build.0 = Debug|Any CPU
		{7EE63411-CFF7-44B8-A168-9BDF486F4496}.Release|Any CPU.ActiveCfg = Release|Any CPU
		{7EE63411-CFF7-44B8-A168-9BDF486F4496}.Release|Any CPU.Build.0 = Release|Any CPU
		{7EE63411-CFF7-44B8-A168-9BDF486F4496}.Release|x64.ActiveCfg = Release|Any CPU
		{7EE63411-CFF7-44B8-A168-9BDF486F4496}.Release|x64.Build.0 = Release|Any CPU
		{7EE63411-CFF7-44B8-A168-9BDF486F4496}.Release|x86.ActiveCfg = Release|Any CPU
		{7EE63411-CFF7-44B8-A168-9BDF486F4496}.Release|x86.Build.0 = Release|Any CPU
	EndGlobalSection
	GlobalSection(SolutionProperties) = preSolution
		HideSolutionNode = FALSE
	EndGlobalSection
	GlobalSection(ExtensibilityGlobals) = postSolution
		SolutionGuid = {8606EE59-F785-441B-A5E5-06D8A84E380A}
	EndGlobalSection
EndGlobal
