
Microsoft Visual Studio Solution File, Format Version 12.00
# Visual Studio 15
VisualStudioVersion = 15.0.28010.2046
MinimumVisualStudioVersion = 10.0.40219.1
Project("{FAE04EC0-301F-11D3-BF4B-00C04F79EFBC}") = "BeatmapAssetMaker", "BeatMapAssetMaker\BeatmapAssetMaker.csproj", "{9FCD4D5E-8E64-49C5-A90A-0D17DD98C8A3}"
EndProject
Project("{FAE04EC0-301F-11D3-BF4B-00C04F79EFBC}") = "Assembly-CSharp", "Assembly-CSharp\Assembly-CSharp.csproj", "{0DAD5D23-076F-465D-9736-2CF0D28B6D47}"
EndProject
Project("{9A19103F-16F7-4668-BE54-9A1E7A4F7556}") = "StbSharp.NETStandard", "StbSharp\StbSharp\StbSharp.NETStandard.csproj", "{99B9057C-3827-444A-8302-959F4CCA277B}"
EndProject
Global
	GlobalSection(SolutionConfigurationPlatforms) = preSolution
		Debug|Any CPU = Debug|Any CPU
		Debug|x64 = Debug|x64
		Debug|x86 = Debug|x86
		Release|Any CPU = Release|Any CPU
		Release|x64 = Release|x64
		Release|x86 = Release|x86
	EndGlobalSection
	GlobalSection(ProjectConfigurationPlatforms) = postSolution
		{9FCD4D5E-8E64-49C5-A90A-0D17DD98C8A3}.Debug|Any CPU.ActiveCfg = Debug|Any CPU
		{9FCD4D5E-8E64-49C5-A90A-0D17DD98C8A3}.Debug|Any CPU.Build.0 = Debug|Any CPU
		{9FCD4D5E-8E64-49C5-A90A-0D17DD98C8A3}.Debug|x64.ActiveCfg = Debug|Any CPU
		{9FCD4D5E-8E64-49C5-A90A-0D17DD98C8A3}.Debug|x64.Build.0 = Debug|Any CPU
		{9FCD4D5E-8E64-49C5-A90A-0D17DD98C8A3}.Debug|x86.ActiveCfg = Debug|Any CPU
		{9FCD4D5E-8E64-49C5-A90A-0D17DD98C8A3}.Debug|x86.Build.0 = Debug|Any CPU
		{9FCD4D5E-8E64-49C5-A90A-0D17DD98C8A3}.Release|Any CPU.ActiveCfg = Release|Any CPU
		{9FCD4D5E-8E64-49C5-A90A-0D17DD98C8A3}.Release|Any CPU.Build.0 = Release|Any CPU
		{9FCD4D5E-8E64-49C5-A90A-0D17DD98C8A3}.Release|x64.ActiveCfg = Release|Any CPU
		{9FCD4D5E-8E64-49C5-A90A-0D17DD98C8A3}.Release|x64.Build.0 = Release|Any CPU
		{9FCD4D5E-8E64-49C5-A90A-0D17DD98C8A3}.Release|x86.ActiveCfg = Release|Any CPU
		{9FCD4D5E-8E64-49C5-A90A-0D17DD98C8A3}.Release|x86.Build.0 = Release|Any CPU
		{0DAD5D23-076F-465D-9736-2CF0D28B6D47}.Debug|Any CPU.ActiveCfg = Debug|Any CPU
		{0DAD5D23-076F-465D-9736-2CF0D28B6D47}.Debug|Any CPU.Build.0 = Debug|Any CPU
		{0DAD5D23-076F-465D-9736-2CF0D28B6D47}.Debug|x64.ActiveCfg = Debug|Any CPU
		{0DAD5D23-076F-465D-9736-2CF0D28B6D47}.Debug|x64.Build.0 = Debug|Any CPU
		{0DAD5D23-076F-465D-9736-2CF0D28B6D47}.Debug|x86.ActiveCfg = Debug|Any CPU
		{0DAD5D23-076F-465D-9736-2CF0D28B6D47}.Debug|x86.Build.0 = Debug|Any CPU
		{0DAD5D23-076F-465D-9736-2CF0D28B6D47}.Release|Any CPU.ActiveCfg = Release|Any CPU
		{0DAD5D23-076F-465D-9736-2CF0D28B6D47}.Release|Any CPU.Build.0 = Release|Any CPU
		{0DAD5D23-076F-465D-9736-2CF0D28B6D47}.Release|x64.ActiveCfg = Release|Any CPU
		{0DAD5D23-076F-465D-9736-2CF0D28B6D47}.Release|x64.Build.0 = Release|Any CPU
		{0DAD5D23-076F-465D-9736-2CF0D28B6D47}.Release|x86.ActiveCfg = Release|Any CPU
		{0DAD5D23-076F-465D-9736-2CF0D28B6D47}.Release|x86.Build.0 = Release|Any CPU
		{99B9057C-3827-444A-8302-959F4CCA277B}.Debug|Any CPU.ActiveCfg = Debug|Any CPU
		{99B9057C-3827-444A-8302-959F4CCA277B}.Debug|Any CPU.Build.0 = Debug|Any CPU
		{99B9057C-3827-444A-8302-959F4CCA277B}.Debug|x64.ActiveCfg = Debug|Any CPU
		{99B9057C-3827-444A-8302-959F4CCA277B}.Debug|x64.Build.0 = Debug|Any CPU
		{99B9057C-3827-444A-8302-959F4CCA277B}.Debug|x86.ActiveCfg = Debug|Any CPU
		{99B9057C-3827-444A-8302-959F4CCA277B}.Debug|x86.Build.0 = Debug|Any CPU
		{99B9057C-3827-444A-8302-959F4CCA277B}.Release|Any CPU.ActiveCfg = Release|Any CPU
		{99B9057C-3827-444A-8302-959F4CCA277B}.Release|Any CPU.Build.0 = Release|Any CPU
		{99B9057C-3827-444A-8302-959F4CCA277B}.Release|x64.ActiveCfg = Release|Any CPU
		{99B9057C-3827-444A-8302-959F4CCA277B}.Release|x64.Build.0 = Release|Any CPU
		{99B9057C-3827-444A-8302-959F4CCA277B}.Release|x86.ActiveCfg = Release|Any CPU
		{99B9057C-3827-444A-8302-959F4CCA277B}.Release|x86.Build.0 = Release|Any CPU
	EndGlobalSection
	GlobalSection(SolutionProperties) = preSolution
		HideSolutionNode = FALSE
	EndGlobalSection
	GlobalSection(ExtensibilityGlobals) = postSolution
		SolutionGuid = {8606EE59-F785-441B-A5E5-06D8A84E380A}
	EndGlobalSection
EndGlobal
